
Microsoft Visual Studio Solution File, Format Version 12.00
# Visual Studio Version 17
VisualStudioVersion = 17.2.32516.85
MinimumVisualStudioVersion = 10.0.40219.1
Project("{9A19103F-16F7-4668-BE54-9A1E7A4F7556}") = "CodilitiyMyWork", "CodilitiyMyWork\CodilitiyMyWork.csproj", "{3D5BBE5F-C5A5-4CEB-8B5A-080F14252778}"
EndProject
Project("{9A19103F-16F7-4668-BE54-9A1E7A4F7556}") = "TimeComplexity", "TimeComplexity\TimeComplexity.csproj", "{C3A10E69-6A5A-453E-A9E7-9EDC65009E13}"
EndProject
Project("{FAE04EC0-301F-11D3-BF4B-00C04F79EFBC}") = "WebAPIFileUpload", "WebAPIFileUpload\WebAPIFileUpload.csproj", "{D32ECC17-C3C4-4797-BE93-CD9324776948}"
EndProject
Global
	GlobalSection(SolutionConfigurationPlatforms) = preSolution
		Debug|Any CPU = Debug|Any CPU
		Release|Any CPU = Release|Any CPU
	EndGlobalSection
	GlobalSection(ProjectConfigurationPlatforms) = postSolution
		{3D5BBE5F-C5A5-4CEB-8B5A-080F14252778}.Debug|Any CPU.ActiveCfg = Debug|Any CPU
		{3D5BBE5F-C5A5-4CEB-8B5A-080F14252778}.Debug|Any CPU.Build.0 = Debug|Any CPU
		{3D5BBE5F-C5A5-4CEB-8B5A-080F14252778}.Release|Any CPU.ActiveCfg = Release|Any CPU
		{3D5BBE5F-C5A5-4CEB-8B5A-080F14252778}.Release|Any CPU.Build.0 = Release|Any CPU
		{C3A10E69-6A5A-453E-A9E7-9EDC65009E13}.Debug|Any CPU.ActiveCfg = Debug|Any CPU
		{C3A10E69-6A5A-453E-A9E7-9EDC65009E13}.Debug|Any CPU.Build.0 = Debug|Any CPU
		{C3A10E69-6A5A-453E-A9E7-9EDC65009E13}.Release|Any CPU.ActiveCfg = Release|Any CPU
		{C3A10E69-6A5A-453E-A9E7-9EDC65009E13}.Release|Any CPU.Build.0 = Release|Any CPU
		{D32ECC17-C3C4-4797-BE93-CD9324776948}.Debug|Any CPU.ActiveCfg = Debug|Any CPU
		{D32ECC17-C3C4-4797-BE93-CD9324776948}.Debug|Any CPU.Build.0 = Debug|Any CPU
		{D32ECC17-C3C4-4797-BE93-CD9324776948}.Release|Any CPU.ActiveCfg = Release|Any CPU
		{D32ECC17-C3C4-4797-BE93-CD9324776948}.Release|Any CPU.Build.0 = Release|Any CPU
	EndGlobalSection
	GlobalSection(SolutionProperties) = preSolution
		HideSolutionNode = FALSE
	EndGlobalSection
	GlobalSection(ExtensibilityGlobals) = postSolution
		SolutionGuid = {B6F4F4A5-EEFC-4853-AC28-34D5FFCF084C}
	EndGlobalSection
EndGlobal
